{
  "name": "frontend",
  "lockfileVersion": 3,
  "requires": true,
  "packages": {
    "": {
      "dependencies": {
        "react-chat-app-backendnode": "file:.."
      }
    },
    "..": {
      "name": "react-chat-app-backendnode",
      "version": "1.0.0",
      "license": "ISC",
      "dependencies": {
        "bcryptjs": "^2.4.3",
        "colors": "^1.4.0",
        "dotenv": "^9.0.2",
        "express": "^4.17.1",
        "express-async-handler": "^1.1.4",
        "jsonwebtoken": "^9.0.2",
        "mongoose": "^5.12.9",
        "nodemon": "^2.0.7",
        "socket.io": "^4.1.2"
      }
    },
    "node_modules/react-chat-app-backendnode": {
      "resolved": "..",
      "link": true
    }
  }
}
